# This file is automatically @generated by Cargo.
# It is not intended for manual editing.
version = 4

[[package]]
name = "aixos-asl"
version = "2.0.0"
dependencies = [
 "asl-arpi-ipc",
 "asl-axon-exec-pd",
 "asl-common",
 "asl-shell-pd",
]

[[package]]
name = "aixos-axfs"
version = "0.1.0"
dependencies = [
 "aixos-kernel",
]

[[package]]
name = "aixos-edisondb"
version = "0.1.0"

[[package]]
name = "aixos-gpu"
version = "0.1.0"
dependencies = [
 "aixos-edisondb",
 "aixos-kernel",
]

[[package]]
name = "aixos-haniel"
version = "0.1.0"

[[package]]
name = "aixos-identity"
version = "0.1.0"
dependencies = [
 "aixos-kernel",
]

[[package]]
name = "aixos-init"
version = "0.1.0"
dependencies = [
 "aixos-asl",
 "aixos-axfs",
 "aixos-edisondb",
 "aixos-gpu",
 "aixos-identity",
 "aixos-input",
 "aixos-kernel",
 "aixos-net",
 "aixos-shell",
]

[[package]]
name = "aixos-input"
version = "0.1.0"
dependencies = [
 "aixos-kernel",
]

[[package]]
name = "aixos-kernel"
version = "0.1.0"

[[package]]
name = "aixos-net"
version = "0.1.0"
dependencies = [
 "aixos-kernel",
]

[[package]]
name = "aixos-phoenix-pd"
version = "0.1.0"
dependencies = [
 "aixos-init",
]

[[package]]
name = "aixos-shell"
version = "0.1.0"
dependencies = [
 "aixos-haniel",
 "aixos-kernel",
 "axon_interp",
]

[[package]]
name = "asl-arpi-ipc"
version = "0.1.0"
dependencies = [
 "asl-common",
]

[[package]]
name = "asl-axon-bridge"
version = "0.1.0"
dependencies = [
 "asl-common",
]

[[package]]
name = "asl-axon-exec-pd"
version = "0.1.0"
dependencies = [
 "asl-arpi-ipc",
 "asl-axon-bridge",
 "asl-common",
 "asl-shell-pd",
]

[[package]]
name = "asl-common"
version = "0.1.0"

[[package]]
name = "asl-shell-pd"
version = "0.1.0"
dependencies = [
 "asl-arpi-ipc",
 "asl-common",
]

[[package]]
name = "axon_interp"
version = "0.1.0"
