# This file is automatically @generated by Cargo.
# It is not intended for manual editing.
version = 4

[[package]]
name = "aixos-edisondb"
version = "0.1.0"

[[package]]
name = "aixos-haniel"
version = "0.1.0"

[[package]]
name = "aixos-identity"
version = "0.1.0"
dependencies = [
 "aixos-kernel",
]

[[package]]
name = "aixos-init"
version = "0.1.0"
dependencies = [
 "aixos-identity",
 "aixos-kernel",
 "aixos-net",
 "aixos-shell",
]

[[package]]
name = "aixos-kernel"
version = "0.1.0"

[[package]]
name = "aixos-net"
version = "0.1.0"
dependencies = [
 "aixos-kernel",
]

[[package]]
name = "aixos-shell"
version = "0.1.0"
dependencies = [
 "aixos-haniel",
 "aixos-kernel",
]
